// !$*UTF8*$!
{
	archiveVersion = 1;
	classes = {
	};
	objectVersion = 50;
	objects = {

/* Begin PBXBuildFile section */
		CEB2F6F621436F0A00221D9F /* AppDelegate.swift in Sources */ = {isa = PBXBuildFile; fileRef = CEB2F6F521436F0A00221D9F /* AppDelegate.swift */; };
		CEB2F6F821436F0A00221D9F /* ViewController.swift in Sources */ = {isa = PBXBuildFile; fileRef = CEB2F6F721436F0A00221D9F /* ViewController.swift */; };
		CEB2F6FB21436F0A00221D9F /* Main.storyboard in Resources */ = {isa = PBXBuildFile; fileRef = CEB2F6F921436F0A00221D9F /* Main.storyboard */; };
		CEB2F6FD21436F0A00221D9F /* Assets.xcassets in Resources */ = {isa = PBXBuildFile; fileRef = CEB2F6FC21436F0A00221D9F /* Assets.xcassets */; };
		CEB2F70021436F0A00221D9F /* LaunchScreen.storyboard in Resources */ = {isa = PBXBuildFile; fileRef = CEB2F6FE21436F0A00221D9F /* LaunchScreen.storyboard */; };
		CEB2F70B21436F0A00221D9F /* tumblrTests.swift in Sources */ = {isa = PBXBuildFile; fileRef = CEB2F70A21436F0A00221D9F /* tumblrTests.swift */; };
		CEB2F71621436F0A00221D9F /* tumblrUITests.swift in Sources */ = {isa = PBXBuildFile; fileRef = CEB2F71521436F0A00221D9F /* tumblrUITests.swift */; };
/* End PBXBuildFile section */

/* Begin PBXContainerItemProxy section */
		CEB2F70721436F0A00221D9F /* PBXContainerItemProxy */ = {
			isa = PBXContainerItemProxy;
			containerPortal = CEB2F6EA21436F0A00221D9F /* Project object */;
			proxyType = 1;
			remoteGlobalIDString = CEB2F6F121436F0A00221D9F;
			remoteInfo = tumblr;
		};
		CEB2F71221436F0A00221D9F /* PBXContainerItemProxy */ = {
			isa = PBXContainerItemProxy;
			containerPortal = CEB2F6EA21436F0A00221D9F /* Project object */;
			proxyType = 1;
			remoteGlobalIDString = CEB2F6F121436F0A00221D9F;
			remoteInfo = tumblr;
		};
/* End PBXContainerItemProxy section */

/* Begin PBXFileReference section */
		CEB2F6F221436F0A00221D9F /* tumblr.app */ = {isa = PBXFileReference; explicitFileType = wrapper.application; includeInIndex = 0; path = tumblr.app; sourceTree = BUILT_PRODUCTS_DIR; };
		CEB2F6F521436F0A00221D9F /* AppDelegate.swift */ = {isa = PBXFileReference; lastKnownFileType = sourcecode.swift; path = AppDelegate.swift; sourceTree = "<group>"; };
		CEB2F6F721436F0A00221D9F /* ViewController.swift */ = {isa = PBXFileReference; lastKnownFileType = sourcecode.swift; path = ViewController.swift; sourceTree = "<group>"; };
		CEB2F6FA21436F0A00221D9F /* Base */ = {isa = PBXFileReference; lastKnownFileType = file.storyboard; name = Base; path = Base.lproj/Main.storyboard; sourceTree = "<group>"; };
		CEB2F6FC21436F0A00221D9F /* Assets.xcassets */ = {isa = PBXFileReference; lastKnownFileType = folder.assetcatalog; path = Assets.xcassets; sourceTree = "<group>"; };
		CEB2F6FF21436F0A00221D9F /* Base */ = {isa = PBXFileReference; lastKnownFileType = file.storyboard; name = Base; path = Base.lproj/LaunchScreen.storyboard; sourceTree = "<group>"; };
		CEB2F70121436F0A00221D9F /* Info.plist */ = {isa = PBXFileReference; lastKnownFileType = text.plist.xml; path = Info.plist; sourceTree = "<group>"; };
		CEB2F70621436F0A00221D9F /* tumblrTests.xctest */ = {isa = PBXFileReference; explicitFileType = wrapper.cfbundle; includeInIndex = 0; path = tumblrTests.xctest; sourceTree = BUILT_PRODUCTS_DIR; };
		CEB2F70A21436F0A00221D9F /* tumblrTests.swift */ = {isa = PBXFileReference; lastKnownFileType = sourcecode.swift; path = tumblrTests.swift; sourceTree = "<group>"; };
		CEB2F70C21436F0A00221D9F /* Info.plist */ = {isa = PBXFileReference; lastKnownFileType = text.plist.xml; path = Info.plist; sourceTree = "<group>"; };
		CEB2F71121436F0A00221D9F /* tumblrUITests.xctest */ = {isa = PBXFileReference; explicitFileType = wrapper.cfbundle; includeInIndex = 0; path = tumblrUITests.xctest; sourceTree = BUILT_PRODUCTS_DIR; };
		CEB2F71521436F0A00221D9F /* tumblrUITests.swift */ = {isa = PBXFileReference; lastKnownFileType = sourcecode.swift; path = tumblrUITests.swift; sourceTree = "<group>"; };
		CEB2F71721436F0B00221D9F /* Info.plist */ = {isa = PBXFileReference; lastKnownFileType = text.plist.xml; path = Info.plist; sourceTree = "<group>"; };
/* End PBXFileReference section */

/* Begin PBXFrameworksBuildPhase section */
		CEB2F6EF21436F0A00221D9F /* Frameworks */ = {
			isa = PBXFrameworksBuildPhase;
			buildActionMask = 2147483647;
			files = (
			);
			runOnlyForDeploymentPostprocessing = 0;
		};
		CEB2F70321436F0A00221D9F /* Frameworks */ = {
			isa = PBXFrameworksBuildPhase;
			buildActionMask = 2147483647;
			files = (
			);
			runOnlyForDeploymentPostprocessing = 0;
		};
		CEB2F70E21436F0A00221D9F /* Frameworks */ = {
			isa = PBXFrameworksBuildPhase;
			buildActionMask = 2147483647;
			files = (
			);
			runOnlyForDeploymentPostprocessing = 0;
		};
/* End PBXFrameworksBuildPhase section */

/* Begin PBXGroup section */
		CEB2F6E921436F0A00221D9F = {
			isa = PBXGroup;
			children = (
				CEB2F6F421436F0A00221D9F /* tumblr */,
				CEB2F70921436F0A00221D9F /* tumblrTests */,
				CEB2F71421436F0A00221D9F /* tumblrUITests */,
				CEB2F6F321436F0A00221D9F /* Products */,
			);
			sourceTree = "<group>";
		};
		CEB2F6F321436F0A00221D9F /* Products */ = {
			isa = PBXGroup;
			children = (
				CEB2F6F221436F0A00221D9F /* tumblr.app */,
				CEB2F70621436F0A00221D9F /* tumblrTests.xctest */,
				CEB2F71121436F0A00221D9F /* tumblrUITests.xctest */,
			);
			name = Products;
			sourceTree = "<group>";
		};
		CEB2F6F421436F0A00221D9F /* tumblr */ = {
			isa = PBXGroup;
			children = (
				CEB2F6F521436F0A00221D9F /* AppDelegate.swift */,
				CEB2F6F721436F0A00221D9F /* ViewController.swift */,
				CEB2F6F921436F0A00221D9F /* Main.storyboard */,
				CEB2F6FC21436F0A00221D9F /* Assets.xcassets */,
				CEB2F6FE21436F0A00221D9F /* LaunchScreen.storyboard */,
				CEB2F70121436F0A00221D9F /* Info.plist */,
			);
			path = tumblr;
			sourceTree = "<group>";
		};
		CEB2F70921436F0A00221D9F /* tumblrTests */ = {
			isa = PBXGroup;
			children = (
				CEB2F70A21436F0A00221D9F /* tumblrTests.swift */,
				CEB2F70C21436F0A00221D9F /* Info.plist */,
			);
			path = tumblrTests;
			sourceTree = "<group>";
		};
		CEB2F71421436F0A00221D9F /* tumblrUITests */ = {
			isa = PBXGroup;
			children = (
				CEB2F71521436F0A00221D9F /* tumblrUITests.swift */,
				CEB2F71721436F0B00221D9F /* Info.plist */,
			);
			path = tumblrUITests;
			sourceTree = "<group>";
		};
/* End PBXGroup section */

/* Begin PBXNativeTarget section */
		CEB2F6F121436F0A00221D9F /* tumblr */ = {
			isa = PBXNativeTarget;
			buildConfigurationList = CEB2F71A21436F0B00221D9F /* Build configuration list for PBXNativeTarget "tumblr" */;
			buildPhases = (
				CEB2F6EE21436F0A00221D9F /* Sources */,
				CEB2F6EF21436F0A00221D9F /* Frameworks */,
				CEB2F6F021436F0A00221D9F /* Resources */,
			);
			buildRules = (
			);
			dependencies = (
			);
			name = tumblr;
			productName = tumblr;
			productReference = CEB2F6F221436F0A00221D9F /* tumblr.app */;
			productType = "com.apple.product-type.application";
		};
		CEB2F70521436F0A00221D9F /* tumblrTests */ = {
			isa = PBXNativeTarget;
			buildConfigurationList = CEB2F71D21436F0B00221D9F /* Build configuration list for PBXNativeTarget "tumblrTests" */;
			buildPhases = (
				CEB2F70221436F0A00221D9F /* Sources */,
				CEB2F70321436F0A00221D9F /* Frameworks */,
				CEB2F70421436F0A00221D9F /* Resources */,
			);
			buildRules = (
			);
			dependencies = (
				CEB2F70821436F0A00221D9F /* PBXTargetDependency */,
			);
			name = tumblrTests;
			productName = tumblrTests;
			productReference = CEB2F70621436F0A00221D9F /* tumblrTests.xctest */;
			productType = "com.apple.product-type.bundle.unit-test";
		};
		CEB2F71021436F0A00221D9F /* tumblrUITests */ = {
			isa = PBXNativeTarget;
			buildConfigurationList = CEB2F72021436F0B00221D9F /* Build configuration list for PBXNativeTarget "tumblrUITests" */;
			buildPhases = (
				CEB2F70D21436F0A00221D9F /* Sources */,
				CEB2F70E21436F0A00221D9F /* Frameworks */,
				CEB2F70F21436F0A00221D9F /* Resources */,
			);
			buildRules = (
			);
			dependencies = (
				CEB2F71321436F0A00221D9F /* PBXTargetDependency */,
			);
			name = tumblrUITests;
			productName = tumblrUITests;
			productReference = CEB2F71121436F0A00221D9F /* tumblrUITests.xctest */;
			productType = "com.apple.product-type.bundle.ui-testing";
		};
/* End PBXNativeTarget section */

/* Begin PBXProject section */
		CEB2F6EA21436F0A00221D9F /* Project object */ = {
			isa = PBXProject;
			attributes = {
				LastSwiftUpdateCheck = 0940;
				LastUpgradeCheck = 0940;
				ORGANIZATIONNAME = "Kaila Prochaska";
				TargetAttributes = {
					CEB2F6F121436F0A00221D9F = {
						CreatedOnToolsVersion = 9.4.1;
					};
					CEB2F70521436F0A00221D9F = {
						CreatedOnToolsVersion = 9.4.1;
						TestTargetID = CEB2F6F121436F0A00221D9F;
					};
					CEB2F71021436F0A00221D9F = {
						CreatedOnToolsVersion = 9.4.1;
						TestTargetID = CEB2F6F121436F0A00221D9F;
					};
				};
			};
			buildConfigurationList = CEB2F6ED21436F0A00221D9F /* Build configuration list for PBXProject "tumblr" */;
			compatibilityVersion = "Xcode 9.3";
			developmentRegion = en;
			hasScannedForEncodings = 0;
			knownRegions = (
				en,
				Base,
			);
			mainGroup = CEB2F6E921436F0A00221D9F;
			productRefGroup = CEB2F6F321436F0A00221D9F /* Products */;
			projectDirPath = "";
			projectRoot = "";
			targets = (
				CEB2F6F121436F0A00221D9F /* tumblr */,
				CEB2F70521436F0A00221D9F /* tumblrTests */,
				CEB2F71021436F0A00221D9F /* tumblrUITests */,
			);
		};
/* End PBXProject section */

/* Begin PBXResourcesBuildPhase section */
		CEB2F6F021436F0A00221D9F /* Resources */ = {
			isa = PBXResourcesBuildPhase;
			buildActionMask = 2147483647;
			files = (
				CEB2F70021436F0A00221D9F /* LaunchScreen.storyboard in Resources */,
				CEB2F6FD21436F0A00221D9F /* Assets.xcassets in Resources */,
				CEB2F6FB21436F0A00221D9F /* Main.storyboard in Resources */,
			);
			runOnlyForDeploymentPostprocessing = 0;
		};
		CEB2F70421436F0A00221D9F /* Resources */ = {
			isa = PBXResourcesBuildPhase;
			buildActionMask = 2147483647;
			files = (
			);
			runOnlyForDeploymentPostprocessing = 0;
		};
		CEB2F70F21436F0A00221D9F /* Resources */ = {
			isa = PBXResourcesBuildPhase;
			buildActionMask = 2147483647;
			files = (
			);
			runOnlyForDeploymentPostprocessing = 0;
		};
/* End PBXResourcesBuildPhase section */

/* Begin PBXSourcesBuildPhase section */
		CEB2F6EE21436F0A00221D9F /* Sources */ = {
			isa = PBXSourcesBuildPhase;
			buildActionMask = 2147483647;
			files = (
				CEB2F6F821436F0A00221D9F /* ViewController.swift in Sources */,
				CEB2F6F621436F0A00221D9F /* AppDelegate.swift in Sources */,
			);
			runOnlyForDeploymentPostprocessing = 0;
		};
		CEB2F70221436F0A00221D9F /* Sources */ = {
			isa = PBXSourcesBuildPhase;
			buildActionMask = 2147483647;
			files = (
				CEB2F70B21436F0A00221D9F /* tumblrTests.swift in Sources */,
			);
			runOnlyForDeploymentPostprocessing = 0;
		};
		CEB2F70D21436F0A00221D9F /* Sources */ = {
			isa = PBXSourcesBuildPhase;
			buildActionMask = 2147483647;
			files = (
				CEB2F71621436F0A00221D9F /* tumblrUITests.swift in Sources */,
			);
			runOnlyForDeploymentPostprocessing = 0;
		};
/* End PBXSourcesBuildPhase section */

/* Begin PBXTargetDependency section */
		CEB2F70821436F0A00221D9F /* PBXTargetDependency */ = {
			isa = PBXTargetDependency;
			target = CEB2F6F121436F0A00221D9F /* tumblr */;
			targetProxy = CEB2F70721436F0A00221D9F /* PBXContainerItemProxy */;
		};
		CEB2F71321436F0A00221D9F /* PBXTargetDependency */ = {
			isa = PBXTargetDependency;
			target = CEB2F6F121436F0A00221D9F /* tumblr */;
			targetProxy = CEB2F71221436F0A00221D9F /* PBXContainerItemProxy */;
		};
/* End PBXTargetDependency section */

/* Begin PBXVariantGroup section */
		CEB2F6F921436F0A00221D9F /* Main.storyboard */ = {
			isa = PBXVariantGroup;
			children = (
				CEB2F6FA21436F0A00221D9F /* Base */,
			);
			name = Main.storyboard;
			sourceTree = "<group>";
		};
		CEB2F6FE21436F0A00221D9F /* LaunchScreen.storyboard */ = {
			isa = PBXVariantGroup;
			children = (
				CEB2F6FF21436F0A00221D9F /* Base */,
			);
			name = LaunchScreen.storyboard;
			sourceTree = "<group>";
		};
/* End PBXVariantGroup section */

/* Begin XCBuildConfiguration section */
		CEB2F71821436F0B00221D9F /* Debug */ = {
			isa = XCBuildConfiguration;
			buildSettings = {
				ALWAYS_SEARCH_USER_PATHS = NO;
				CLANG_ANALYZER_NONNULL = YES;
				CLANG_ANALYZER_NUMBER_OBJECT_CONVERSION = YES_AGGRESSIVE;
				CLANG_CXX_LANGUAGE_STANDARD = "gnu++14";
				CLANG_CXX_LIBRARY = "libc++";
				CLANG_ENABLE_MODULES = YES;
				CLANG_ENABLE_OBJC_ARC = YES;
				CLANG_ENABLE_OBJC_WEAK = YES;
				CLANG_WARN_BLOCK_CAPTURE_AUTORELEASING = YES;
				CLANG_WARN_BOOL_CONVERSION = YES;
				CLANG_WARN_COMMA = YES;
				CLANG_WARN_CONSTANT_CONVERSION = YES;
				CLANG_WARN_DEPRECATED_OBJC_IMPLEMENTATIONS = YES;
				CLANG_WARN_DIRECT_OBJC_ISA_USAGE = YES_ERROR;
				CLANG_WARN_DOCUMENTATION_COMMENTS = YES;
				CLANG_WARN_EMPTY_BODY = YES;
				CLANG_WARN_ENUM_CONVERSION = YES;
				CLANG_WARN_INFINITE_RECURSION = YES;
				CLANG_WARN_INT_CONVERSION = YES;
				CLANG_WARN_NON_LITERAL_NULL_CONVERSION = YES;
				CLANG_WARN_OBJC_IMPLICIT_RETAIN_SELF = YES;
				CLANG_WARN_OBJC_LITERAL_CONVERSION = YES;
				CLANG_WARN_OBJC_ROOT_CLASS = YES_ERROR;
				CLANG_WARN_RANGE_LOOP_ANALYSIS = YES;
				CLANG_WARN_STRICT_PROTOTYPES = YES;
				CLANG_WARN_SUSPICIOUS_MOVE = YES;
				CLANG_WARN_UNGUARDED_AVAILABILITY = YES_AGGRESSIVE;
				CLANG_WARN_UNREACHABLE_CODE = YES;
				CLANG_WARN__DUPLICATE_METHOD_MATCH = YES;
				CODE_SIGN_IDENTITY = "iPhone Developer";
				COPY_PHASE_STRIP = NO;
				DEBUG_INFORMATION_FORMAT = dwarf;
				ENABLE_STRICT_OBJC_MSGSEND = YES;
				ENABLE_TESTABILITY = YES;
				GCC_C_LANGUAGE_STANDARD = gnu11;
				GCC_DYNAMIC_NO_PIC = NO;
				GCC_NO_COMMON_BLOCKS = YES;
				GCC_OPTIMIZATION_LEVEL = 0;
				GCC_PREPROCESSOR_DEFINITIONS = (
					"DEBUG=1",
					"$(inherited)",
				);
				GCC_WARN_64_TO_32_BIT_CONVERSION = YES;
				GCC_WARN_ABOUT_RETURN_TYPE = YES_ERROR;
				GCC_WARN_UNDECLARED_SELECTOR = YES;
				GCC_WARN_UNINITIALIZED_AUTOS = YES_AGGRESSIVE;
				GCC_WARN_UNUSED_FUNCTION = YES;
				GCC_WARN_UNUSED_VARIABLE = YES;
				IPHONEOS_DEPLOYMENT_TARGET = 11.4;
				MTL_ENABLE_DEBUG_INFO = YES;
				ONLY_ACTIVE_ARCH = YES;
				SDKROOT = iphoneos;
				SWIFT_ACTIVE_COMPILATION_CONDITIONS = DEBUG;
				SWIFT_OPTIMIZATION_LEVEL = "-Onone";
			};
			name = Debug;
		};
		CEB2F71921436F0B00221D9F /* Release */ = {
			isa = XCBuildConfiguration;
			buildSettings = {
				ALWAYS_SEARCH_USER_PATHS = NO;
				CLANG_ANALYZER_NONNULL = YES;
				CLANG_ANALYZER_NUMBER_OBJECT_CONVERSION = YES_AGGRESSIVE;
				CLANG_CXX_LANGUAGE_STANDARD = "gnu++14";
				CLANG_CXX_LIBRARY = "libc++";
				CLANG_ENABLE_MODULES = YES;
				CLANG_ENABLE_OBJC_ARC = YES;
				CLANG_ENABLE_OBJC_WEAK = YES;
				CLANG_WARN_BLOCK_CAPTURE_AUTORELEASING = YES;
				CLANG_WARN_BOOL_CONVERSION = YES;
				CLANG_WARN_COMMA = YES;
				CLANG_WARN_CONSTANT_CONVERSION = YES;
				CLANG_WARN_DEPRECATED_OBJC_IMPLEMENTATIONS = YES;
				CLANG_WARN_DIRECT_OBJC_ISA_USAGE = YES_ERROR;
				CLANG_WARN_DOCUMENTATION_COMMENTS = YES;
				CLANG_WARN_EMPTY_BODY = YES;
				CLANG_WARN_ENUM_CONVERSION = YES;
				CLANG_WARN_INFINITE_RECURSION = YES;
				CLANG_WARN_INT_CONVERSION = YES;
				CLANG_WARN_NON_LITERAL_NULL_CONVERSION = YES;
				CLANG_WARN_OBJC_IMPLICIT_RETAIN_SELF = YES;
				CLANG_WARN_OBJC_LITERAL_CONVERSION = YES;
				CLANG_WARN_OBJC_ROOT_CLASS = YES_ERROR;
				CLANG_WARN_RANGE_LOOP_ANALYSIS = YES;
				CLANG_WARN_STRICT_PROTOTYPES = YES;
				CLANG_WARN_SUSPICIOUS_MOVE = YES;
				CLANG_WARN_UNGUARDED_AVAILABILITY = YES_AGGRESSIVE;
				CLANG_WARN_UNREACHABLE_CODE = YES;
				CLANG_WARN__DUPLICATE_METHOD_MATCH = YES;
				CODE_SIGN_IDENTITY = "iPhone Developer";
				COPY_PHASE_STRIP = NO;
				DEBUG_INFORMATION_FORMAT = "dwarf-with-dsym";
				ENABLE_NS_ASSERTIONS = NO;
				ENABLE_STRICT_OBJC_MSGSEND = YES;
				GCC_C_LANGUAGE_STANDARD = gnu11;
				GCC_NO_COMMON_BLOCKS = YES;
				GCC_WARN_64_TO_32_BIT_CONVERSION = YES;
				GCC_WARN_ABOUT_RETURN_TYPE = YES_ERROR;
				GCC_WARN_UNDECLARED_SELECTOR = YES;
				GCC_WARN_UNINITIALIZED_AUTOS = YES_AGGRESSIVE;
				GCC_WARN_UNUSED_FUNCTION = YES;
				GCC_WARN_UNUSED_VARIABLE = YES;
				IPHONEOS_DEPLOYMENT_TARGET = 11.4;
				MTL_ENABLE_DEBUG_INFO = NO;
				SDKROOT = iphoneos;
				SWIFT_COMPILATION_MODE = wholemodule;
				SWIFT_OPTIMIZATION_LEVEL = "-O";
				VALIDATE_PRODUCT = YES;
			};
			name = Release;
		};
		CEB2F71B21436F0B00221D9F /* Debug */ = {
			isa = XCBuildConfiguration;
			buildSettings = {
				ASSETCATALOG_COMPILER_APPICON_NAME = AppIcon;
				CODE_SIGN_STYLE = Automatic;
				INFOPLIST_FILE = tumblr/Info.plist;
				LD_RUNPATH_SEARCH_PATHS = (
					"$(inherited)",
					"@executable_path/Frameworks",
				);
				PRODUCT_BUNDLE_IDENTIFIER = com.kailaprochaska.tumblr;
				PRODUCT_NAME = "$(TARGET_NAME)";
				SWIFT_VERSION = 4.0;
				TARGETED_DEVICE_FAMILY = "1,2";
			};
			name = Debug;
		};
		CEB2F71C21436F0B00221D9F /* Release */ = {
			isa = XCBuildConfiguration;
			buildSettings = {
				ASSETCATALOG_COMPILER_APPICON_NAME = AppIcon;
				CODE_SIGN_STYLE = Automatic;
				INFOPLIST_FILE = tumblr/Info.plist;
				LD_RUNPATH_SEARCH_PATHS = (
					"$(inherited)",
					"@executable_path/Frameworks",
				);
				PRODUCT_BUNDLE_IDENTIFIER = com.kailaprochaska.tumblr;
				PRODUCT_NAME = "$(TARGET_NAME)";
				SWIFT_VERSION = 4.0;
				TARGETED_DEVICE_FAMILY = "1,2";
			};
			name = Release;
		};
		CEB2F71E21436F0B00221D9F /* Debug */ = {
			isa = XCBuildConfiguration;
			buildSettings = {
				ALWAYS_EMBED_SWIFT_STANDARD_LIBRARIES = YES;
				BUNDLE_LOADER = "$(TEST_HOST)";
				CODE_SIGN_STYLE = Automatic;
				INFOPLIST_FILE = tumblrTests/Info.plist;
				LD_RUNPATH_SEARCH_PATHS = (
					"$(inherited)",
					"@executable_path/Frameworks",
					"@loader_path/Frameworks",
				);
				PRODUCT_BUNDLE_IDENTIFIER = com.kailaprochaska.tumblrTests;
				PRODUCT_NAME = "$(TARGET_NAME)";
				SWIFT_VERSION = 4.0;
				TARGETED_DEVICE_FAMILY = "1,2";
				TEST_HOST = "$(BUILT_PRODUCTS_DIR)/tumblr.app/tumblr";
			};
			name = Debug;
		};
		CEB2F71F21436F0B00221D9F /* Release */ = {
			isa = XCBuildConfiguration;
			buildSettings = {
				ALWAYS_EMBED_SWIFT_STANDARD_LIBRARIES = YES;
				BUNDLE_LOADER = "$(TEST_HOST)";
				CODE_SIGN_STYLE = Automatic;
				INFOPLIST_FILE = tumblrTests/Info.plist;
				LD_RUNPATH_SEARCH_PATHS = (
					"$(inherited)",
					"@executable_path/Frameworks",
					"@loader_path/Frameworks",
				);
				PRODUCT_BUNDLE_IDENTIFIER = com.kailaprochaska.tumblrTests;
				PRODUCT_NAME = "$(TARGET_NAME)";
				SWIFT_VERSION = 4.0;
				TARGETED_DEVICE_FAMILY = "1,2";
				TEST_HOST = "$(BUILT_PRODUCTS_DIR)/tumblr.app/tumblr";
			};
			name = Release;
		};
		CEB2F72121436F0B00221D9F /* Debug */ = {
			isa = XCBuildConfiguration;
			buildSettings = {
				ALWAYS_EMBED_SWIFT_STANDARD_LIBRARIES = YES;
				CODE_SIGN_STYLE = Automatic;
				INFOPLIST_FILE = tumblrUITests/Info.plist;
				LD_RUNPATH_SEARCH_PATHS = (
					"$(inherited)",
					"@executable_path/Frameworks",
					"@loader_path/Frameworks",
				);
				PRODUCT_BUNDLE_IDENTIFIER = com.kailaprochaska.tumblrUITests;
				PRODUCT_NAME = "$(TARGET_NAME)";
				SWIFT_VERSION = 4.0;
				TARGETED_DEVICE_FAMILY = "1,2";
				TEST_TARGET_NAME = tumblr;
			};
			name = Debug;
		};
		CEB2F72221436F0B00221D9F /* Release */ = {
			isa = XCBuildConfiguration;
			buildSettings = {
				ALWAYS_EMBED_SWIFT_STANDARD_LIBRARIES = YES;
				CODE_SIGN_STYLE = Automatic;
				INFOPLIST_FILE = tumblrUITests/Info.plist;
				LD_RUNPATH_SEARCH_PATHS = (
					"$(inherited)",
					"@executable_path/Frameworks",
					"@loader_path/Frameworks",
				);
				PRODUCT_BUNDLE_IDENTIFIER = com.kailaprochaska.tumblrUITests;
				PRODUCT_NAME = "$(TARGET_NAME)";
				SWIFT_VERSION = 4.0;
				TARGETED_DEVICE_FAMILY = "1,2";
				TEST_TARGET_NAME = tumblr;
			};
			name = Release;
		};
/* End XCBuildConfiguration section */

/* Begin XCConfigurationList section */
		CEB2F6ED21436F0A00221D9F /* Build configuration list for PBXProject "tumblr" */ = {
			isa = XCConfigurationList;
			buildConfigurations = (
				CEB2F71821436F0B00221D9F /* Debug */,
				CEB2F71921436F0B00221D9F /* Release */,
			);
			defaultConfigurationIsVisible = 0;
			defaultConfigurationName = Release;
		};
		CEB2F71A21436F0B00221D9F /* Build configuration list for PBXNativeTarget "tumblr" */ = {
			isa = XCConfigurationList;
			buildConfigurations = (
				CEB2F71B21436F0B00221D9F /* Debug */,
				CEB2F71C21436F0B00221D9F /* Release */,
			);
			defaultConfigurationIsVisible = 0;
			defaultConfigurationName = Release;
		};
		CEB2F71D21436F0B00221D9F /* Build configuration list for PBXNativeTarget "tumblrTests" */ = {
			isa = XCConfigurationList;
			buildConfigurations = (
				CEB2F71E21436F0B00221D9F /* Debug */,
				CEB2F71F21436F0B00221D9F /* Release */,
			);
			defaultConfigurationIsVisible = 0;
			defaultConfigurationName = Release;
		};
		CEB2F72021436F0B00221D9F /* Build configuration list for PBXNativeTarget "tumblrUITests" */ = {
			isa = XCConfigurationList;
			buildConfigurations = (
				CEB2F72121436F0B00221D9F /* Debug */,
				CEB2F72221436F0B00221D9F /* Release */,
			);
			defaultConfigurationIsVisible = 0;
			defaultConfigurationName = Release;
		};
/* End XCConfigurationList section */
	};
	rootObject = CEB2F6EA21436F0A00221D9F /* Project object */;
}
